# Generated by .github/workflows/publish-apps.yml — do not edit.
# <app> <digest>, and the registry each is under. What a box pulls.
# built-from 8af031e482f45a7ca9d910be9a2cde8a19945935
registry ghcr.io/markkovari/holon-apps
abtest sha256:989ae883221f930a76d1ce5757b0b91882bce83092645eb56182082082fb65bc
arena sha256:5541e1acf51dfe6a63074de0925e2295502fed3b70b8ca0032366bd8ef028cac
authgate sha256:29a083a098442c2643d2738d5e9c31f81a5ad5a906d9ac09f4b9fe03eea738ed
binder sha256:7ea9f94b2b5e94683cdbd4d302c98554b0a513e195c846fa1dda0f4d8211b431
booked sha256:7396dc5c2271e59e8af08abc9effebeb3593e4506201cc1fcabde096b262581f
books sha256:987c1fb42c07e4f31281140e1af14bb49be1ec71231ed67043baf5e1ddc98ab1
buzz sha256:30efb3ce7a14f53ca06b681e5c9ece99ce78bd93d9e78c04612a53417e17fd52
conduit sha256:37bdb4a5b223bec2743c326c0238ce3b9db139ffb7e2a186da9b34c2beda7f2b
dashboards sha256:abe06ff777b6e4ff8900fa8675c0934352bff2d1dcbca2635e2b0d756d7073aa
drop sha256:3d4ecc979cb97b9dfad3484099e687db2535a3bcf96f8cccd12ab2e9fb38a2b2
events sha256:58a264dfc91bf4d56ce3405a1b8f61c7aacb73b72a61f5b760fa00474e8cf73e
flags sha256:6d5149e35f9889cd8f2b66ebdeffe2e9110b4fcc0449450618093fdc29294787
fs-watcher sha256:8ad080e7509b53c980bc1054d06df1e1c5df95a6a4cceb9ccb683eddcaa721d0
gate sha256:9122ca29d5fa88ac1962899c12c5084c2fe05447ee93641a32e334d6f47bd8bc
grocery sha256:99a8763e9a5e1516d3cb5e194c715bf881681c3c60383fcdb513d224f4485942
helpdesk sha256:61a07a593b7c70ea91cc272e37bfecc6e5d2bbeb6054f53dfea48f734c3881bb
image-optimizer sha256:b8b304a13a46b21c7535ac261e9dfc54a0cd0cb5398322f1919fbd7b1641ee2a
jobs sha256:dbd718ac63726b349131563c3605cd13accd40ca39a18270b51eeb7a6cd2a7bb
lan-scanner sha256:6338f41ae2a4131c86cd30fef13c34f962ab6a080a080ce4b74bfc09e90f26c9
ledger sha256:0107a40c646c02026eb4c0dc3222165ef9f6fee8821cd88621470170d3462978
lms sha256:233c96b16d8a04b6081fac8fa5ec8037a243a2f561d8c07e6c7b006d70a3ab9a
mesh sha256:b92964fd259b1d889f97b59857875b6da63f7f762b7078136bd9c3b759c90e13
passkey sha256:03765e39757678a94049ce23acb8c788d28178d3826ab39af4f06e799b00d2a5
paste sha256:4450ff698a1ae9ce7d66df05ec5bd71b8d4692da4a0417e9f0629cf48272099f
payees sha256:f93851fdb3f303f2d1327f8e807b376a8cbaeb1c987d38525d5eee537c3596c4
photosocial sha256:1a7ad7e8bebfd8db4f13baf617c0ec2e91e1fc695be2642ef08681c681d5bb45
pipeline sha256:1523cb8008466c56f4995c6296a41cc429a63099b3602a1dfdb770423b9c2065
poll sha256:136610d9e6bd36fee2ac64b8657f4fe7f6696234c1edd05f35e6b3e6be52fa1f
portal sha256:2913bdd4203c204b0aa74af3970658d7d2e77d16392ff46f6c16c9aee4d0d56e
pulse sha256:fb4b12337641b81e8fd590a57c8aed44d73469e21010efaa1ec23854e2a6343a
ratelimit sha256:c369103a1883f4133f38cc28ca4112172ae63b2a2664f6a6a052044668fa2015
relay sha256:2e5a2e95ec56164ead466fe9aaf377800835ece6af86cefe3f5260b21ab254b3
report sha256:895bb407908bd98bf67a4e7208458be54b33f7067828233e875f5e218ec46d1b
saga sha256:8bdaa9747baf5bed36a37056c20f857fa871e357aad181f22f527d195be0461b
scribe sha256:35c7258e26142939fadcb127978f8991d139e8179359aa22786f0a1f56049c38
search sha256:be21fdc79e1de48a7f6fa679fdca485f4501ab6f9c28033a82f67eaa77882190
shortlink sha256:6ae5b41cf5bad2cdf084c994b6f394c78b7fbf2fe029769c4d52a553cd6badb5
stash sha256:5666c7e7d6fe6911f100043c294b8b4d833461deffff55650e3d0e072358e1c5
status sha256:18f23418b1de0edd0ebe981bd8c0f720c90f5d39c8555a7f5dae3b67806d341c
studio sha256:61fd1352b8f4ec3e1810b23fa7f039e09718d071c95723d3f5f5c2a781e87eeb
tempo sha256:e006107647c845ebbe4788c5ca90d6f5ca647447e3870cc02fc0a545bcb58871
track sha256:4cce1f3665746cfacfd0405714590f3e2f199e3fd2fb1d75376e918bbe61b20d
transit sha256:889a86fe6498274aa916908902dc9a1ef752c14f0fe8ad76e442bb9d5dac5268
