# Generated by .github/workflows/publish-apps.yml — do not edit.
# <app> <digest>, and the registry each is under. What a box pulls.
# built-from 6d9bfb26a6361f7c8c6ba4cb07e1c10c174fc445
registry ghcr.io/markkovari/holon-apps
abtest sha256:989ae883221f930a76d1ce5757b0b91882bce83092645eb56182082082fb65bc
arena sha256:0008c00fd555da5afdb51c0bc3f2a3d9f81c79147bdc6be1b659290dc3cd9413
asset-tracker sha256:b4afb0d81fe2a4ae78c59bfa3b500fa83731bb011b374f7263001ed7237d3830
ats sha256:8fbb6fa7e9cab78f54c822a1ba15432d46e0cf2dd955662cdc1061c3cdc48553
authgate sha256:bd66e6b2bddf7a44f5ee175bacc3e5cfb5aabfd835f783456a797ef22bcd1620
billing sha256:559c8b4f9352ef95e7d635e305b66ce683489b3eacf473cd964f1c6046fb24f2
binder sha256:adadac2b8a33b9876f9416d07bd3a267efeca0adfb3f45752c985a3573298a6f
booked sha256:26bbf8c2011e2938e050118dde5af7e8bc49baf9a43777f32ca5eb7a9c6d9ff8
books sha256:00acccc97e9a99bfa8adf58df6fcea7ca7ce49cc62817ee0da3bbacae2809e71
buzz sha256:73a186bb78a3e41278032a91d6c48ec953e010ddeede894af5165f1a066c6085
conduit sha256:44dd6fecb969b3c8db4190cffd0f02da6ab70f80efa16474f1630336cd3f1c1f
crm sha256:552044edd6dc4d2d045fb857b8c566d52715de1af79061060404ca04f32e5d40
dashboards sha256:4bfea6dac6897e6a55af89706dbc1365c14e440e4a397c3b697847a2475de4a6
drop sha256:3cb8a6a21eef6df8f4d87ad4fd4667292049a593ae3e7b54c2a6880ee1bb5a10
events sha256:3209a33f5d30b7b62ce9bdb26fc09832ded692fb7e7eb412c42aa88d47552ef7
expense sha256:fe91471941868373525fed877393e4e717f4e0b3b58861908ec9e0f89c58540a
feedback sha256:51e33b28a7eb8fab8c55ba6af00e7ffc258124be25c370bd5a5905422fa544e0
flags sha256:6d5149e35f9889cd8f2b66ebdeffe2e9110b4fcc0449450618093fdc29294787
fs-watcher sha256:226f3a2d037406bcf35851daba4ba7dbe26c73721c2d76643f6ba67b40a9d665
gate sha256:61c0fe58bcac8b17785a742e1d7c06977e9a5842f8b39827d9d9269b1a732e8b
grocery sha256:40745bee5ccc2a1da418b6c9036fba0a1a254fdddf4f3c6cf4ea41bba485bffc
helpdesk sha256:d3c358eef612c033ffe3d11d704893d7dc77673cefcca6fcd836ecefb49076a8
image-optimizer sha256:fbb12e407b2612547db283b4876484e88c7dfc5356b141d9c534fa6df3b1bdf7
inspection sha256:b8ee37bf79a4c5ce061bcf626d8ec1e9bdef7c9b6b2a0ec7081fa7d502521b1e
intent-router sha256:6368f92d36b935b688f51c5ae8104923878bbafc43c1d609fe46245e60df2b9a
jev-router sha256:ca12cfcef7c8f7d5dabbd83bde914718c495cec47595101d649dabbc94e8ebc9
jobs sha256:fad2e18f5fea493aa3278083a1bf64083db8965422bd21f68894a1c5ac32c883
lan-scanner sha256:47965f2e9404b996c4e4e5b6f3a69680b6541c109fd1381c62a5e7f5c9f6c965
ledger sha256:39c5e2b05a55f1165186008a8f7438d23d001405f27756f9ae46dd20cb5fc6d8
lms sha256:dbe97c39100131d71ccd0efaab0135a2753b84fdc5ffc378573f47fb5eb742c2
marketplace sha256:e34d13c674aa8f53d1c0ec1cd58a96c29f6c981f43781c9732098155adb611dd
mesh sha256:509bdd2ac428bfef568056a914f73233eb74367ff077962a038438e79afb2a2b
park sha256:b0e14848e5e832e975bd8d2dfe6d695e1476c23e8a2ef65127610d9da893fdf4
parking sha256:b7a2ce8e544f3010fee02340788654b588e6db1c749bb4a0f18077796989cef8
passkey sha256:4666eb003dad199995c3a53487fe77f4ce28330632de9185a322fd479a904d8a
paste sha256:f9a8a7ef62a99807831aea1b38f01171cf1fc1c89c76e6b8d232b2dde4595285
payees sha256:3a8c4ccb25871bf61cc425809f5aab602b881ee2fcc700163b72fd23158d79b9
photoquest sha256:0e826d01adcc0e0ca989f00a8cbf156ba205b590d09f4b03a06dbce9393ddb9f
photosocial sha256:08d475dc709d14138d4186a03e8405dcbf1e17d964dcd768040d35dd59e9bddf
pipeline sha256:8963a770e5146800daa590d3a185f90b8c6209031e5e08c082757a8839757b42
platform sha256:b5df68ed2b51dbe887b4ad0fa17244694c0bd38a030c9c6f02d3fcde95af61d4
poll sha256:42560976a8ea6143d3be8a88a362f3ecf04c77bb427a331d0535eea71a0ccc50
portal sha256:6514c3b24a4a11332d8debe511793d703d298fa98c79ba00f9514e19fcb02699
pulse sha256:28ba1cd818f3d73c8b71e62e5cce87e63fe25c524571bf354e9e286ca00b6a64
ratelimit sha256:c369103a1883f4133f38cc28ca4112172ae63b2a2664f6a6a052044668fa2015
relay sha256:c01e698a4d0e577547c86a26708f06918aa629a0d7ab0bdfb3e65785ac8675a1
report sha256:a2e3a82131956aedcc9cca4fc4ee06267ee6c0d05301b2b109327a5630006b05
saga sha256:8f5ac314551f24db4d35890ce76fd311971f307a243b7d6edd3bf6c70747a665
scribe sha256:8d25210bb325ed1c536dda205e225f56a2796d85a1cf8269a68766411d1ac518
search sha256:f0896779a7f38148d74cba499a8f76521167db97604ae22b05b5cd119a0b8c08
shortlink sha256:6bb16444f5fdf73188bcd585b27c7f2f857a09eecdf3db02641b91b1cb9188b5
stash sha256:4c6ffc98345ba6dc4aa978fda7bf051eaa47bd1b3a36ff04eb553c613746e55c
status sha256:789cb82171380ba2305ff45c7e08cd8e75b762971bad42c415fd54cdc0d09dbe
studio sha256:9895b593a29b750fdb44e606941b96a297081cdd67dc6df3c7f8b7b0f996f784
survey sha256:e128b7fba36cc5d9efc60021a044f38f5f70b6286393b85a69b3acef8650afd3
tempo sha256:8574d4ff30c195017bdb5d122f9de36e02545262a8a022654086c9122e5a20a7
timesheet sha256:e6d3d70cecb1953fe8e33e8df527dee01a3a11a2aebc2ee2f0af24043c43db28
track sha256:8a3e333a2c3ab2ed2bc88cede1767d41d3141c9f09fe34f8eaf1e114ea9ffaa2
transit sha256:60b57eb9cbe9f604049379846e835cb2f669b161c56f34e9cba78d7debb3916e
vcs sha256:c41ae346549179e87ce8c05cbf3928e85dbf4b32ea303bddf82190f7cb8ae17e
