# Generated by .github/workflows/publish-apps.yml — do not edit.
# <app> <digest>, and the registry each is under. What a box pulls.
# built-from 0129082179502c4f895c68ae70e9cb0e044f6e45
registry ghcr.io/markkovari/holon-apps
abtest sha256:989ae883221f930a76d1ce5757b0b91882bce83092645eb56182082082fb65bc
arena sha256:eae1945d5254f98a0d66e591ae2311a55ddaa40e5513c46dc11a7ddc85ed1b02
asset-tracker sha256:e79742db037fe4bae14537102324136d44d615cc2925a0686e63689b2835c4de
ats sha256:f5e4462bbb425f4d09b9641cffadc0a314bec58c84bd4e00d97bd300fb17b275
authgate sha256:ee5ffe0ed7eb94251d5ead8b3c8d8691fc84310ea8c93f41027b5f559736a352
billing sha256:b10eb006cf1535194797f7c4affe6439fb52e4c7c20a792a9c85f008ab29842b
binder sha256:7fafb7cd0bd9148c989f2ab6223b46f912f7128f8003e3edc378873a38141847
booked sha256:d849264b80d4194c980e67a4770df1dfbb46f93feb7d4b5af0dac454aa2fbda2
books sha256:39f96ff024c271e083adc9a9a37eff2fe774a210a24091e8136a71a981092565
buzz sha256:bdcc5aafc6263df6c460a51b9f88b42d12abd8d0d688c176b338912753052cae
conduit sha256:be67567d1935d8f57aa19a7861d8b18b2632aa6e7beb88851106d47c85d00be6
crm sha256:12b4d009fff028dc40202fc8581f96222e15190487db96ddd7df6d00cd427b57
dashboards sha256:ea96c8a96e8b6e4db6bdecc8afbfc7b055024b9a19b65026bdc26881ffac0449
drop sha256:97b30d6b67c0996a62feec067e9423fd62233039bf0bb31050d71611ad67566e
events sha256:6e4383e403179a8cccf9dfb8d105e84589ca32d01d9711d4207b4c0d0a06814e
expense sha256:d712faa1082d63adc2dbf7476dfe4e95120a62d6aa8a3a77a9db0ee5f3dc5df3
feedback sha256:186b2c8e6786820df6acaac17b135ae723003100428b016c2e596727377b9b34
flags sha256:6d5149e35f9889cd8f2b66ebdeffe2e9110b4fcc0449450618093fdc29294787
fs-watcher sha256:f262a1286d308006bae11fba9d3e2a4ae5d1ca17dad4649bd70270b0c8dc91b6
gate sha256:b44ba025005591ef49634819ea3db4f07bfb3945fc8c143ed066bdbcc212d7d1
grocery sha256:99a8763e9a5e1516d3cb5e194c715bf881681c3c60383fcdb513d224f4485942
helpdesk sha256:365165fc12de0c32cb570e0e52bc7ffd1f29296c62d25d1c2c8bb4836c7a61ee
image-optimizer sha256:c4913dee783a3ad83d9829edebf0e058d0be7856f7bc26544df4b3d936f790d7
intent-router sha256:7924d0201a2081cb702d631b7f915e48eb6bf31d42ef112acb2ddbb7c25d1a6b
jev-router sha256:e1b80db8c46eff55dd37abd85d660c4372aab946f6696389a4a08eec89d419d2
jobs sha256:34f5d4adf3c9619a7d50b8ff220be76223ac00ad0069e7e7fbda6af991b24104
lan-scanner sha256:65ad6dc3089c65ec6acc661b43b9910ebb042b3accba316700bfedc012036fb2
ledger sha256:c08bc5199c4f92541b310fe0fecbf07bb3e116b06a2261a353b585df4d76d450
lms sha256:242a53974b9f823e49b5779fe69ba7e986e0ae08b324dd3b5ed422f832812d3d
mesh sha256:d24a49951f6a920457282556ae80ca2201eaf690a6c57776a1c9a43b08714013
parking sha256:11e08253591aeb272354377d659a0081a87c4ec0b11e8cbb5ab84c1f812940d7
passkey sha256:3a795fc6943499da761c61a6fa50e5c6ccdd669cd9e61dc019f9179b4ceeb03e
paste sha256:4310b3ddc1bf8840d07da18c9e469b5388fe127f40d11f17d26535cd003f8056
payees sha256:febbb05ebdff86033fd6918aa6aa6ea6b229a93df6572d50c7e2a169afa96169
photosocial sha256:5b76f042497a262537f104ef0d64a3320be96ea3fabbddb60166c652c0ae0cb0
pipeline sha256:80729c8a2724dae690de15bfb65e6a61cbd84751eebc5ca8c6cebd3f82a88c71
platform sha256:d7bf10c98084fe03656b73ded37fe77d5ba6367606c54f123f0006e76dc30963
poll sha256:9631b496f485fec271af930ac112e0b28d42aedad90ddeb1d33640aa62761235
portal sha256:69c7594dcc98dafa77b6aa59bf525888ccc2cd4e475916798620cd15c7c042d8
pulse sha256:c3686057b58ab4c5be672edd2150e41750bbc83c1e812ef9b066e1e03a940087
ratelimit sha256:c369103a1883f4133f38cc28ca4112172ae63b2a2664f6a6a052044668fa2015
relay sha256:a4813ed87c7b57c09f27679b163b2d5bc6a96b2242656189fa7a0abbfabba075
report sha256:67816c8709e8c92bc4fdb8004753fd3984469070de1f2f18b77a611e8c4c6526
saga sha256:0a1511be5c1182e77c4286311d90362d324da0be8deec92686bd93da50021d35
scribe sha256:2e5575d7b7304723889c589ed8c61fcb4a9a3698a234280631ff2a2c35546675
search sha256:ee96b290be348b091834941b8c05e137585926974947f9e72b90b95452ca6688
shortlink sha256:fcfe3a4f752e19476e06b8fd22ce3f5b93120cb29d216546ac26940ecf409ee4
stash sha256:0b905b374fba249f9920c6f22430a84fa7379e93d92f67db6ec9383dee347ff4
status sha256:cd9e12f0d39fa3c18a683f34a04317680f6503c471783283c678bb017676312a
studio sha256:f2404ad1f864e40f297b1499e54df4425c2d7365a02446081a10d68bc36db8b6
survey sha256:c1c9cefb63086c24a4954d1aace3109670633ec5110a2c376be8fa0d8360672f
tempo sha256:05331843bf98ff026cf8f4ccdfc99abb08fc6ddaa4ffefda6025b9b7b105c8f8
timesheet sha256:63416627ab0e03941cafb2b26cfa834517452ed4d9a6b8286c82b6cb17a1f7ff
track sha256:243198aa26d6f5b13fe68f1b01e90c9db22a1eff945f39bcca50a01354cbfd74
transit sha256:e43c04b537641bf6618d04f01015810978b67503b6a3e59d8df0d5eb5acc77a4
