# This file is automatically generated.
# It is not intended for manual editing.
version = 1

[[packages]]
name = "wasi:clocks"
registry = "wasi.dev"

[[packages.versions]]
requirement = "=0.2.3"
version = "0.2.3"
digest = "sha256:3bbed4e582d6209cf281cfe94e51d64fd0c9507635c5e1c68795f493b6cdada9"

[[packages]]
name = "wasi:http"
registry = "wasi.dev"

[[packages.versions]]
requirement = "=0.2.3"
version = "0.2.3"
digest = "sha256:e526c1586efc94cd148e33725139be05c4bb58ba20466d348282bd8dc3999f1d"

[[packages]]
name = "wasi:keyvalue"
registry = "wasi.dev"

[[packages.versions]]
requirement = "=0.2.0-draft"
version = "0.2.0-draft"
digest = "sha256:f5afa14646d3f32cee23106add8d7da53774083fef32f5648176aee7be61d36b"

[[packages]]
name = "wasi:random"
registry = "wasi.dev"

[[packages.versions]]
requirement = "=0.2.3"
version = "0.2.3"
digest = "sha256:90bff11fae5e2df9196ee89cd00d374792dce8afadf5c4c761a834ed760588e3"
