# This file is automatically generated by cargo-component.
# It is not intended for manual editing.
version = 1

[[package]]
name = "wasmcloud:secrets"

[[package.version]]
requirement = "^0.1.0-draft"
version = "0.1.0-draft"
digest = "sha256:aab5d8d6ecbc17d8237f269e05170fabcf8704738c60b8f1bf09a13fc6855ffb"
